
Microsoft Visual Studio Solution File, Format Version 12.00
# Visual Studio 15
VisualStudioVersion = 15.0.27703.2035
MinimumVisualStudioVersion = 10.0.40219.1
Project("{8BC9CEB8-8B4A-11D0-8D11-00A0C91BC942}") = "day15", "day15\day15.vcxproj", "{CB725252-FF07-4E5A-81D2-E04AC8F71E05}"
EndProject
Global
	GlobalSection(SolutionConfigurationPlatforms) = preSolution
		Debug|x64 = Debug|x64
		Debug|x86 = Debug|x86
		Release|x64 = Release|x64
		Release|x86 = Release|x86
	EndGlobalSection
	GlobalSection(ProjectConfigurationPlatforms) = postSolution
		{CB725252-FF07-4E5A-81D2-E04AC8F71E05}.Debug|x64.ActiveCfg = Debug|x64
		{CB725252-FF07-4E5A-81D2-E04AC8F71E05}.Debug|x64.Build.0 = Debug|x64
		{CB725252-FF07-4E5A-81D2-E04AC8F71E05}.Debug|x86.ActiveCfg = Debug|Win32
		{CB725252-FF07-4E5A-81D2-E04AC8F71E05}.Debug|x86.Build.0 = Debug|Win32
		{CB725252-FF07-4E5A-81D2-E04AC8F71E05}.Release|x64.ActiveCfg = Release|x64
		{CB725252-FF07-4E5A-81D2-E04AC8F71E05}.Release|x64.Build.0 = Release|x64
		{CB725252-FF07-4E5A-81D2-E04AC8F71E05}.Release|x86.ActiveCfg = Release|Win32
		{CB725252-FF07-4E5A-81D2-E04AC8F71E05}.Release|x86.Build.0 = Release|Win32
	EndGlobalSection
	GlobalSection(SolutionProperties) = preSolution
		HideSolutionNode = FALSE
	EndGlobalSection
	GlobalSection(ExtensibilityGlobals) = postSolution
		SolutionGuid = {1574A68B-B69D-40AB-9989-DB3E54E56C03}
	EndGlobalSection
EndGlobal
