
Microsoft Visual Studio Solution File, Format Version 12.00
# Visual Studio 15
VisualStudioVersion = 15.0.27703.2035
MinimumVisualStudioVersion = 10.0.40219.1
Project("{8BC9CEB8-8B4A-11D0-8D11-00A0C91BC942}") = "io test 13", "io test 13\io test 13.vcxproj", "{17280573-D5F9-4035-A390-05FFEDA9FAB4}"
EndProject
Global
	GlobalSection(SolutionConfigurationPlatforms) = preSolution
		Debug|x64 = Debug|x64
		Debug|x86 = Debug|x86
		Release|x64 = Release|x64
		Release|x86 = Release|x86
	EndGlobalSection
	GlobalSection(ProjectConfigurationPlatforms) = postSolution
		{17280573-D5F9-4035-A390-05FFEDA9FAB4}.Debug|x64.ActiveCfg = Debug|x64
		{17280573-D5F9-4035-A390-05FFEDA9FAB4}.Debug|x64.Build.0 = Debug|x64
		{17280573-D5F9-4035-A390-05FFEDA9FAB4}.Debug|x86.ActiveCfg = Debug|Win32
		{17280573-D5F9-4035-A390-05FFEDA9FAB4}.Debug|x86.Build.0 = Debug|Win32
		{17280573-D5F9-4035-A390-05FFEDA9FAB4}.Release|x64.ActiveCfg = Release|x64
		{17280573-D5F9-4035-A390-05FFEDA9FAB4}.Release|x64.Build.0 = Release|x64
		{17280573-D5F9-4035-A390-05FFEDA9FAB4}.Release|x86.ActiveCfg = Release|Win32
		{17280573-D5F9-4035-A390-05FFEDA9FAB4}.Release|x86.Build.0 = Release|Win32
	EndGlobalSection
	GlobalSection(SolutionProperties) = preSolution
		HideSolutionNode = FALSE
	EndGlobalSection
	GlobalSection(ExtensibilityGlobals) = postSolution
		SolutionGuid = {4DE25D3F-4F5B-497E-9458-0283F71C2276}
	EndGlobalSection
EndGlobal
