
Microsoft Visual Studio Solution File, Format Version 12.00
# Visual Studio 15
VisualStudioVersion = 15.0.27703.2035
MinimumVisualStudioVersion = 10.0.40219.1
Project("{8BC9CEB8-8B4A-11D0-8D11-00A0C91BC942}") = "스택", "스택\스택.vcxproj", "{DBFE47E6-3B8B-4107-B1BC-184CB6C661A0}"
EndProject
Global
	GlobalSection(SolutionConfigurationPlatforms) = preSolution
		Debug|x64 = Debug|x64
		Debug|x86 = Debug|x86
		Release|x64 = Release|x64
		Release|x86 = Release|x86
	EndGlobalSection
	GlobalSection(ProjectConfigurationPlatforms) = postSolution
		{DBFE47E6-3B8B-4107-B1BC-184CB6C661A0}.Debug|x64.ActiveCfg = Debug|x64
		{DBFE47E6-3B8B-4107-B1BC-184CB6C661A0}.Debug|x64.Build.0 = Debug|x64
		{DBFE47E6-3B8B-4107-B1BC-184CB6C661A0}.Debug|x86.ActiveCfg = Debug|Win32
		{DBFE47E6-3B8B-4107-B1BC-184CB6C661A0}.Debug|x86.Build.0 = Debug|Win32
		{DBFE47E6-3B8B-4107-B1BC-184CB6C661A0}.Release|x64.ActiveCfg = Release|x64
		{DBFE47E6-3B8B-4107-B1BC-184CB6C661A0}.Release|x64.Build.0 = Release|x64
		{DBFE47E6-3B8B-4107-B1BC-184CB6C661A0}.Release|x86.ActiveCfg = Release|Win32
		{DBFE47E6-3B8B-4107-B1BC-184CB6C661A0}.Release|x86.Build.0 = Release|Win32
	EndGlobalSection
	GlobalSection(SolutionProperties) = preSolution
		HideSolutionNode = FALSE
	EndGlobalSection
	GlobalSection(ExtensibilityGlobals) = postSolution
		SolutionGuid = {F0710F1A-9C57-45B1-AA8A-33199F116E6F}
	EndGlobalSection
EndGlobal
