
Microsoft Visual Studio Solution File, Format Version 12.00
# Visual Studio 15
VisualStudioVersion = 15.0.27703.2035
MinimumVisualStudioVersion = 10.0.40219.1
Project("{8BC9CEB8-8B4A-11D0-8D11-00A0C91BC942}") = "io test 8", "io test 8\io test 8.vcxproj", "{784C6738-5A41-451F-B185-27B9C79ABBD7}"
EndProject
Global
	GlobalSection(SolutionConfigurationPlatforms) = preSolution
		Debug|x64 = Debug|x64
		Debug|x86 = Debug|x86
		Release|x64 = Release|x64
		Release|x86 = Release|x86
	EndGlobalSection
	GlobalSection(ProjectConfigurationPlatforms) = postSolution
		{784C6738-5A41-451F-B185-27B9C79ABBD7}.Debug|x64.ActiveCfg = Debug|x64
		{784C6738-5A41-451F-B185-27B9C79ABBD7}.Debug|x64.Build.0 = Debug|x64
		{784C6738-5A41-451F-B185-27B9C79ABBD7}.Debug|x86.ActiveCfg = Debug|Win32
		{784C6738-5A41-451F-B185-27B9C79ABBD7}.Debug|x86.Build.0 = Debug|Win32
		{784C6738-5A41-451F-B185-27B9C79ABBD7}.Release|x64.ActiveCfg = Release|x64
		{784C6738-5A41-451F-B185-27B9C79ABBD7}.Release|x64.Build.0 = Release|x64
		{784C6738-5A41-451F-B185-27B9C79ABBD7}.Release|x86.ActiveCfg = Release|Win32
		{784C6738-5A41-451F-B185-27B9C79ABBD7}.Release|x86.Build.0 = Release|Win32
	EndGlobalSection
	GlobalSection(SolutionProperties) = preSolution
		HideSolutionNode = FALSE
	EndGlobalSection
	GlobalSection(ExtensibilityGlobals) = postSolution
		SolutionGuid = {110F7B2C-5B30-4AA6-BA06-8D6B7A286061}
	EndGlobalSection
EndGlobal
