
Microsoft Visual Studio Solution File, Format Version 12.00
# Visual Studio 15
VisualStudioVersion = 15.0.27703.2035
MinimumVisualStudioVersion = 10.0.40219.1
Project("{8BC9CEB8-8B4A-11D0-8D11-00A0C91BC942}") = "day 8", "day 8\day 8.vcxproj", "{565D67EA-AFBE-49DE-8706-681C27B50244}"
EndProject
Global
	GlobalSection(SolutionConfigurationPlatforms) = preSolution
		Debug|x64 = Debug|x64
		Debug|x86 = Debug|x86
		Release|x64 = Release|x64
		Release|x86 = Release|x86
	EndGlobalSection
	GlobalSection(ProjectConfigurationPlatforms) = postSolution
		{565D67EA-AFBE-49DE-8706-681C27B50244}.Debug|x64.ActiveCfg = Debug|x64
		{565D67EA-AFBE-49DE-8706-681C27B50244}.Debug|x64.Build.0 = Debug|x64
		{565D67EA-AFBE-49DE-8706-681C27B50244}.Debug|x86.ActiveCfg = Debug|Win32
		{565D67EA-AFBE-49DE-8706-681C27B50244}.Debug|x86.Build.0 = Debug|Win32
		{565D67EA-AFBE-49DE-8706-681C27B50244}.Release|x64.ActiveCfg = Release|x64
		{565D67EA-AFBE-49DE-8706-681C27B50244}.Release|x64.Build.0 = Release|x64
		{565D67EA-AFBE-49DE-8706-681C27B50244}.Release|x86.ActiveCfg = Release|Win32
		{565D67EA-AFBE-49DE-8706-681C27B50244}.Release|x86.Build.0 = Release|Win32
	EndGlobalSection
	GlobalSection(SolutionProperties) = preSolution
		HideSolutionNode = FALSE
	EndGlobalSection
	GlobalSection(ExtensibilityGlobals) = postSolution
		SolutionGuid = {79A7D9FA-FDE6-449B-A05B-897FA45C96AD}
	EndGlobalSection
EndGlobal
